
Microsoft Visual Studio Solution File, Format Version 12.00
# Visual Studio Version 16
VisualStudioVersion = 25.0.1704.3
MinimumVisualStudioVersion = 10.0.40219.1
Project("{FAE04EC0-301F-11D3-BF4B-00C04F79EFBC}") = "test", "test\test.csproj", "{640F3BCB-9370-42D6-BDB8-871788A0550B}"
EndProject
Global
	GlobalSection(SolutionConfigurationPlatforms) = preSolution
		Debug|Any CPU = Debug|Any CPU
		Release|Any CPU = Release|Any CPU
	EndGlobalSection
	GlobalSection(ProjectConfigurationPlatforms) = postSolution
		{640F3BCB-9370-42D6-BDB8-871788A0550B}.Debug|Any CPU.ActiveCfg = Debug|Any CPU
		{640F3BCB-9370-42D6-BDB8-871788A0550B}.Debug|Any CPU.Build.0 = Debug|Any CPU
		{640F3BCB-9370-42D6-BDB8-871788A0550B}.Release|Any CPU.ActiveCfg = Release|Any CPU
		{640F3BCB-9370-42D6-BDB8-871788A0550B}.Release|Any CPU.Build.0 = Release|Any CPU
	EndGlobalSection
	GlobalSection(SolutionProperties) = preSolution
		HideSolutionNode = FALSE
	EndGlobalSection
	GlobalSection(ExtensibilityGlobals) = postSolution
		SolutionGuid = {A42E5525-9633-4C90-9BD9-06D6EB2AFBCC}
	EndGlobalSection
EndGlobal
