
Microsoft Visual Studio Solution File, Format Version 12.00
# Visual Studio Version 16
VisualStudioVersion = 25.0.1704.3
MinimumVisualStudioVersion = 10.0.40219.1
Project("{FAE04EC0-301F-11D3-BF4B-00C04F79EFBC}") = "hello", "hello.csproj", "{83C3631A-FC61-477F-9011-274ACA4FC142}"
EndProject
Global
	GlobalSection(SolutionConfigurationPlatforms) = preSolution
		Debug|Any CPU = Debug|Any CPU
		Release|Any CPU = Release|Any CPU
	EndGlobalSection
	GlobalSection(ProjectConfigurationPlatforms) = postSolution
		{83C3631A-FC61-477F-9011-274ACA4FC142}.Debug|Any CPU.ActiveCfg = Debug|Any CPU
		{83C3631A-FC61-477F-9011-274ACA4FC142}.Debug|Any CPU.Build.0 = Debug|Any CPU
		{83C3631A-FC61-477F-9011-274ACA4FC142}.Release|Any CPU.ActiveCfg = Release|Any CPU
		{83C3631A-FC61-477F-9011-274ACA4FC142}.Release|Any CPU.Build.0 = Release|Any CPU
	EndGlobalSection
	GlobalSection(SolutionProperties) = preSolution
		HideSolutionNode = FALSE
	EndGlobalSection
	GlobalSection(ExtensibilityGlobals) = postSolution
		SolutionGuid = {FC965AEF-8AAF-4302-BC66-8A2650399520}
	EndGlobalSection
EndGlobal
